
Microsoft Visual Studio Solution File, Format Version 12.00
# Visual Studio Version 17
VisualStudioVersion = 17.0.31912.275
MinimumVisualStudioVersion = 10.0.40219.1
Project("{FAE04EC0-301F-11D3-BF4B-00C04F79EFBC}") = "Music Event Player", "Music Event Player\Music Event Player.csproj", "{07DFC49F-6503-4505-ADFE-8D5243C5C6A8}"
EndProject
Global
	GlobalSection(SolutionConfigurationPlatforms) = preSolution
		Debug|Any CPU = Debug|Any CPU
		Debug|x64 = Debug|x64
		Release|Any CPU = Release|Any CPU
		Release|x64 = Release|x64
	EndGlobalSection
	GlobalSection(ProjectConfigurationPlatforms) = postSolution
		{07DFC49F-6503-4505-ADFE-8D5243C5C6A8}.Debug|Any CPU.ActiveCfg = Debug|Any CPU
		{07DFC49F-6503-4505-ADFE-8D5243C5C6A8}.Debug|Any CPU.Build.0 = Debug|Any CPU
		{07DFC49F-6503-4505-ADFE-8D5243C5C6A8}.Debug|x64.ActiveCfg = Debug|x64
		{07DFC49F-6503-4505-ADFE-8D5243C5C6A8}.Debug|x64.Build.0 = Debug|x64
		{07DFC49F-6503-4505-ADFE-8D5243C5C6A8}.Release|Any CPU.ActiveCfg = Release|Any CPU
		{07DFC49F-6503-4505-ADFE-8D5243C5C6A8}.Release|Any CPU.Build.0 = Release|Any CPU
		{07DFC49F-6503-4505-ADFE-8D5243C5C6A8}.Release|x64.ActiveCfg = Release|x64
		{07DFC49F-6503-4505-ADFE-8D5243C5C6A8}.Release|x64.Build.0 = Release|x64
	EndGlobalSection
	GlobalSection(SolutionProperties) = preSolution
		HideSolutionNode = FALSE
	EndGlobalSection
	GlobalSection(ExtensibilityGlobals) = postSolution
		SolutionGuid = {32040770-A361-42A3-A528-7CBDF494EAC6}
	EndGlobalSection
EndGlobal
